dependencies:
  '@khai96x/bump-package-versions': 'link:../../packages/bump-package-versions'
  '@types/diff': 4.0.2
  '@types/js-yaml': 3.12.2
  '@types/semver': 7.1.0
  diff: 4.0.2
  js-yaml: 3.13.1
  just-json-type: 0.1.5
  semver: 7.1.3
  string-template-format-inspect: 0.1.6
lockfileVersion: 5.1
packages:
  /@types/diff/4.0.2:
    dev: false
    resolution:
      integrity: sha512-mIenTfsIe586/yzsyfql69KRnA75S8SVXQbTLpDejRrjH0QSJcpu3AUOi/Vjnt9IOsXKxPhJfGpQUNMueIU1fQ==
  /@types/js-yaml/3.12.2:
    dev: false
    resolution:
      integrity: sha512-0CFu/g4mDSNkodVwWijdlr8jH7RoplRWNgovjFLEZeT+QEbbZXjBmCe3HwaWheAlCbHwomTwzZoSedeOycABug==
  /@types/node/13.7.7:
    dev: false
    resolution:
      integrity: sha512-Uo4chgKbnPNlxQwoFmYIwctkQVkMMmsAoGGU4JKwLuvBefF0pCq4FybNSnfkfRCpC7ZW7kttcC/TrRtAJsvGtg==
  /@types/semver/7.1.0:
    dependencies:
      '@types/node': 13.7.7
    dev: false
    resolution:
      integrity: sha512-pOKLaubrAEMUItGNpgwl0HMFPrSAFic8oSVIvfu1UwcgGNmNyK9gyhBHKmBnUTwwVvpZfkzUC0GaMgnL6P86uA==
  /argparse/1.0.10:
    dependencies:
      sprintf-js: 1.0.3
    dev: false
    resolution:
      integrity: sha512-o5Roy6tNG4SL/FOkCAN6RzjiakZS25RLYFrcMttJqbdd8BWrnA+fGz57iN5Pb06pvBGvl5gQ0B48dJlslXvoTg==
  /diff/4.0.2:
    dev: false
    engines:
      node: '>=0.3.1'
    resolution:
      integrity: sha512-58lmxKSA4BNyLz+HHMUzlOEpg09FV+ev6ZMe3vJihgdxzgcwZ8VoEEPmALCZG9LmqfVoNMMKpttIYTVG6uDY7A==
  /esprima/4.0.1:
    dev: false
    engines:
      node: '>=4'
    hasBin: true
    resolution:
      integrity: sha512-eGuFFw7Upda+g4p+QHvnW0RyTX/SVeJBDM/gCtMARO0cLuT2HcEKnTPvhjV6aGeqrCB/sbNop0Kszm0jsaWU4A==
  /js-yaml/3.13.1:
    dependencies:
      argparse: 1.0.10
      esprima: 4.0.1
    dev: false
    hasBin: true
    resolution:
      integrity: sha512-YfbcO7jXDdyj0DGxYVSlSeQNHbD7XPWvrVWeVUujrQEoZzWJIRrCPoyk6kL6IAjAG2IolMK4T0hNUe0HOUs5Jw==
  /just-json-type/0.1.5:
    dependencies:
      '@types/node': 13.7.7
      tslib: 1.10.0
    dev: false
    resolution:
      integrity: sha512-MvCxaFns8dDutZ1LKIhmJhons8ytZA6OcsGfDcpcSSQv7IpZJEyJjwbSK9bsrGWUGDjr/6dYyc2J/bqT0t/1IQ==
  /semver/7.1.3:
    dev: false
    engines:
      node: '>=10'
    hasBin: true
    resolution:
      integrity: sha512-ekM0zfiA9SCBlsKa2X1hxyxiI4L3B6EbVJkkdgQXnSEEaHlGdvyodMruTiulSRWMMB4NeIuYNMC9rTKTz97GxA==
  /sprintf-js/1.0.3:
    dev: false
    resolution:
      integrity: sha1-BOaSb2YolTVPPdAVIDYzuFcpfiw=
  /string-template-format-base/0.1.5:
    dependencies:
      '@types/node': 13.7.7
      tslib: 1.10.0
    dev: false
    resolution:
      integrity: sha512-rgr+T1l4KxWBbM0z6omOkn6ElRh53L4o86RH0EFxXvpmWdVFWB5yMyleXHBMAXKOjhfdsSun62TaNvAkqRZ9bw==
  /string-template-format-inspect/0.1.6:
    dependencies:
      '@types/node': 13.7.7
      string-template-format-base: 0.1.5
      tslib: 1.10.0
    dev: false
    resolution:
      integrity: sha512-gDhnFEvIEQm+RFMorRhOsWjfz5FSY0101YHtJf7dlnqN1+doAr5ww6egF0AnCMiMXHr/sWKR2cZf3YiECXB6hg==
  /tslib/1.10.0:
    dev: false
    resolution:
      integrity: sha512-qOebF53frne81cf0S9B41ByenJ3/IuH8yJKngAX35CmiZySA0khhkovshKK+jGCaMnVomla7gVlIcc3EvKPbTQ==
specifiers:
  '@khai96x/bump-package-versions': 'file:../../packages/bump-package-versions'
  '@types/diff': ^4.0.2
  '@types/js-yaml': ^3.12.2
  '@types/semver': ^7.1.0
  diff: ^4.0.2
  js-yaml: ^3.13.1
  just-json-type: ^0.1.5
  semver: ^7.1.3
  string-template-format-inspect: ^0.1.6
