dependencies:
  '@khai96x/bump-package-versions': 'link:../../packages/bump-package-versions'
  '@types/diff': 4.0.2
  '@types/js-yaml': 3.12.5
  '@types/semver': 7.3.3
  diff: 4.0.2
  js-yaml: 3.14.0
  just-json-type: 0.1.7
  semver: 7.3.2
  string-template-format-inspect: 0.1.8
lockfileVersion: 5.1
packages:
  /@types/diff/4.0.2:
    dev: false
    resolution:
      integrity: sha512-mIenTfsIe586/yzsyfql69KRnA75S8SVXQbTLpDejRrjH0QSJcpu3AUOi/Vjnt9IOsXKxPhJfGpQUNMueIU1fQ==
  /@types/js-yaml/3.12.5:
    dev: false
    resolution:
      integrity: sha512-JCcp6J0GV66Y4ZMDAQCXot4xprYB+Zfd3meK9+INSJeVZwJmHAW30BBEEkPzXswMXuiyReUGOP3GxrADc9wPww==
  /@types/node/14.6.1:
    dev: false
    resolution:
      integrity: sha512-HnYlg/BRF8uC1FyKRFZwRaCPTPYKa+6I8QiUZFLredaGOou481cgFS4wKRFyKvQtX8xudqkSdBczJHIYSQYKrQ==
  /@types/semver/7.3.3:
    dev: false
    resolution:
      integrity: sha512-jQxClWFzv9IXdLdhSaTf16XI3NYe6zrEbckSpb5xhKfPbWgIyAY0AFyWWWfaiDcBuj3UHmMkCIwSRqpKMTZL2Q==
  /argparse/1.0.10:
    dependencies:
      sprintf-js: 1.0.3
    dev: false
    resolution:
      integrity: sha512-o5Roy6tNG4SL/FOkCAN6RzjiakZS25RLYFrcMttJqbdd8BWrnA+fGz57iN5Pb06pvBGvl5gQ0B48dJlslXvoTg==
  /diff/4.0.2:
    dev: false
    engines:
      node: '>=0.3.1'
    resolution:
      integrity: sha512-58lmxKSA4BNyLz+HHMUzlOEpg09FV+ev6ZMe3vJihgdxzgcwZ8VoEEPmALCZG9LmqfVoNMMKpttIYTVG6uDY7A==
  /esprima/4.0.1:
    dev: false
    engines:
      node: '>=4'
    hasBin: true
    resolution:
      integrity: sha512-eGuFFw7Upda+g4p+QHvnW0RyTX/SVeJBDM/gCtMARO0cLuT2HcEKnTPvhjV6aGeqrCB/sbNop0Kszm0jsaWU4A==
  /js-yaml/3.14.0:
    dependencies:
      argparse: 1.0.10
      esprima: 4.0.1
    dev: false
    hasBin: true
    resolution:
      integrity: sha512-/4IbIeHcD9VMHFqDR/gQ7EdZdLimOvW2DdcxFjdyyZ9NsbS+ccrXqVWDtab/lRl5AlUqmpBx8EhPaWR+OtY17A==
  /just-json-type/0.1.7:
    dependencies:
      '@types/node': 14.6.1
      tslib: 2.0.1
    dev: false
    resolution:
      integrity: sha512-s5SXWxOCMYiDLGyLzyKuFPZAvxwENKA7pN+Tg90eBNtICpxH1/Kt/NcCmyKLkyuGHfyaHQzcG5pkBRRqyLZ1/w==
  /semver/7.3.2:
    dev: false
    engines:
      node: '>=10'
    hasBin: true
    resolution:
      integrity: sha512-OrOb32TeeambH6UrhtShmF7CRDqhL6/5XpPNp2DuRH6+9QLw/orhp72j87v8Qa1ScDkvrrBNpZcDejAirJmfXQ==
  /sprintf-js/1.0.3:
    dev: false
    resolution:
      integrity: sha1-BOaSb2YolTVPPdAVIDYzuFcpfiw=
  /string-template-format-base/0.1.7:
    dependencies:
      '@types/node': 14.6.1
      tslib: 2.0.1
    dev: false
    resolution:
      integrity: sha512-ySUoRCuRa6nhwJ6Xcu41VEpvwuDDVVPPqOnEf4P0UG4L860xbvC66YH0xno7dKW2JjN8jX0YstAcGk2q6Z6JzA==
  /string-template-format-inspect/0.1.8:
    dependencies:
      '@types/node': 14.6.1
      string-template-format-base: 0.1.7
      tslib: 2.0.1
    dev: false
    resolution:
      integrity: sha512-k3lQNBDZ8o6Q0o9WYXLUgKwDtmn1OpERFJZb4NPwG2MvgDD2iI6+9yDVK66WsyGI90ljF2wh/5KjO0E5tIE1Ig==
  /tslib/2.0.1:
    dev: false
    resolution:
      integrity: sha512-SgIkNheinmEBgx1IUNirK0TUD4X9yjjBRTqqjggWCU3pUEqIk3/Uwl3yRixYKT6WjQuGiwDv4NomL3wqRCj+CQ==
specifiers:
  '@khai96x/bump-package-versions': 'file:../../packages/bump-package-versions'
  '@types/diff': ^4.0.2
  '@types/js-yaml': ^3.12.5
  '@types/semver': ^7.3.3
  diff: ^4.0.2
  js-yaml: ^3.14.0
  just-json-type: ^0.1.7
  semver: ^7.3.2
  string-template-format-inspect: ^0.1.8
