dependencies:
  '@khai96x/bump-package-versions': 'link:../../packages/bump-package-versions'
  '@types/diff': 4.0.2
  '@types/js-yaml': 3.12.1
  '@types/semver': 6.2.0
  diff: 4.0.2
  js-yaml: 3.13.1
  just-json-type: 0.1.3
  semver: 7.1.1
  string-template-format-inspect: 0.1.4
lockfileVersion: 5.1
packages:
  /@types/diff/4.0.2:
    dev: false
    resolution:
      integrity: sha512-mIenTfsIe586/yzsyfql69KRnA75S8SVXQbTLpDejRrjH0QSJcpu3AUOi/Vjnt9IOsXKxPhJfGpQUNMueIU1fQ==
  /@types/js-yaml/3.12.1:
    dev: false
    resolution:
      integrity: sha512-SGGAhXLHDx+PK4YLNcNGa6goPf9XRWQNAUUbffkwVGGXIxmDKWyGGL4inzq2sPmExu431Ekb9aEMn9BkPqEYFA==
  /@types/node/13.1.7:
    dev: false
    resolution:
      integrity: sha512-HU0q9GXazqiKwviVxg9SI/+t/nAsGkvLDkIdxz+ObejG2nX6Si00TeLqHMoS+a/1tjH7a8YpKVQwtgHuMQsldg==
  /@types/semver/6.2.0:
    dev: false
    resolution:
      integrity: sha512-1OzrNb4RuAzIT7wHSsgZRlMBlNsJl+do6UblR7JMW4oB7bbR+uBEYtUh7gEc/jM84GGilh68lSOokyM/zNUlBA==
  /argparse/1.0.10:
    dependencies:
      sprintf-js: 1.0.3
    dev: false
    resolution:
      integrity: sha512-o5Roy6tNG4SL/FOkCAN6RzjiakZS25RLYFrcMttJqbdd8BWrnA+fGz57iN5Pb06pvBGvl5gQ0B48dJlslXvoTg==
  /diff/4.0.2:
    dev: false
    engines:
      node: '>=0.3.1'
    resolution:
      integrity: sha512-58lmxKSA4BNyLz+HHMUzlOEpg09FV+ev6ZMe3vJihgdxzgcwZ8VoEEPmALCZG9LmqfVoNMMKpttIYTVG6uDY7A==
  /esprima/4.0.1:
    dev: false
    engines:
      node: '>=4'
    hasBin: true
    resolution:
      integrity: sha512-eGuFFw7Upda+g4p+QHvnW0RyTX/SVeJBDM/gCtMARO0cLuT2HcEKnTPvhjV6aGeqrCB/sbNop0Kszm0jsaWU4A==
  /js-yaml/3.13.1:
    dependencies:
      argparse: 1.0.10
      esprima: 4.0.1
    dev: false
    hasBin: true
    resolution:
      integrity: sha512-YfbcO7jXDdyj0DGxYVSlSeQNHbD7XPWvrVWeVUujrQEoZzWJIRrCPoyk6kL6IAjAG2IolMK4T0hNUe0HOUs5Jw==
  /just-json-type/0.1.3:
    dependencies:
      '@types/node': 13.1.7
      tslib: 1.10.0
    dev: false
    resolution:
      integrity: sha512-l8LhbNHsdrh46vt3iNuwl/I0QnNAYtWsX5xvb4GkMMDfItanwcYXALhBRqGQHGb7k/Pb4qlYc7ICbUBhYjW+lQ==
  /semver/7.1.1:
    dev: false
    engines:
      node: '>=10'
    hasBin: true
    resolution:
      integrity: sha512-WfuG+fl6eh3eZ2qAf6goB7nhiCd7NPXhmyFxigB/TOkQyeLP8w8GsVehvtGNtnNmyboz4TgeK40B1Kbql/8c5A==
  /sprintf-js/1.0.3:
    dev: false
    resolution:
      integrity: sha1-BOaSb2YolTVPPdAVIDYzuFcpfiw=
  /string-template-format-base/0.1.3:
    dependencies:
      '@types/node': 13.1.7
      tslib: 1.10.0
    dev: false
    resolution:
      integrity: sha512-qERO1R4bP2xYlHvHH1PjPGzFciYehbT3uksMCimd0WF54Ou55JGr+IBtaP4hj79T+uGTbu1mnqJgZK0s02lFKQ==
  /string-template-format-inspect/0.1.4:
    dependencies:
      '@types/node': 13.1.7
      string-template-format-base: 0.1.3
      tslib: 1.10.0
    dev: false
    resolution:
      integrity: sha512-i4tz6pO4Rt+WSfoOtOaI1s5ORjUddXGadipmaBLKr9XIlr/UcYa1kYmJOUTKn2K9u/iCmNRFV+xS87YRdvsKhw==
  /tslib/1.10.0:
    dev: false
    resolution:
      integrity: sha512-qOebF53frne81cf0S9B41ByenJ3/IuH8yJKngAX35CmiZySA0khhkovshKK+jGCaMnVomla7gVlIcc3EvKPbTQ==
specifiers:
  '@khai96x/bump-package-versions': 'file:../../packages/bump-package-versions'
  '@types/diff': ^4.0.2
  '@types/js-yaml': ^3.12.1
  '@types/semver': ^6.2.0
  diff: ^4.0.2
  js-yaml: ^3.13.1
  just-json-type: ^0.1.3
  semver: ^7.1.1
  string-template-format-inspect: ^0.1.4
