lockfileVersion: 5.3

specifiers:
  '@khai96x/interval-observable-universe': ^0.0.7
  '@khai96x/pacman': ^0.0.6
  '@types/node': ^14.6.4
  advanced-spawn-async: ^0.1.3
  iter-tools: ^7.0.0
  tslib: ^2.0.1

dependencies:
  '@khai96x/interval-observable-universe': link:../interval-observable-universe
  '@khai96x/pacman': link:../pacman
  '@types/node': 14.6.4
  advanced-spawn-async: 0.1.3
  iter-tools: 7.1.2
  tslib: 2.0.1

packages:

  /@babel/runtime/7.14.0:
    resolution: {integrity: sha512-JELkvo/DlpNdJ7dlyw/eY7E0suy5i5GQH+Vlxaq1nsNJ+H7f4Vtv3jMeCEgRhZZQFXTjldYfQgv2qmM6M1v5wA==}
    dependencies:
      regenerator-runtime: 0.13.7
    dev: false

  /@types/node/14.6.0:
    resolution: {integrity: sha512-mikldZQitV94akrc4sCcSjtJfsTKt4p+e/s0AGscVA6XArQ9kFclP+ZiYUMnq987rc6QlYxXv/EivqlfSLxpKA==}
    dev: false

  /@types/node/14.6.4:
    resolution: {integrity: sha512-Wk7nG1JSaMfMpoMJDKUsWYugliB2Vy55pdjLpmLixeyMi7HizW2I/9QoxsPCkXl3dO+ZOVqPumKaDUv5zJu2uQ==}
    dev: false

  /advanced-spawn-async/0.1.3:
    resolution: {integrity: sha512-ixm/qUCBQe08t2bWeXLIhrKiUFpBhZ25npthn+E+6GlszgjiITWbNAf07H3Q+oqoNLiteSldxetabufQDXiPAw==}
    dependencies:
      '@types/node': 14.6.0
      tslib: 2.0.1
    dev: false

  /iter-tools/7.1.2:
    resolution: {integrity: sha512-pIXrFK1Mnm27janeYar6M1uhHE7eVPLZwo0FC2JxRLM41nJu0lACwQMam9L0ws8EOZl+mn6Vvq/QqObls53l3w==}
    dependencies:
      '@babel/runtime': 7.14.0
    dev: false

  /regenerator-runtime/0.13.7:
    resolution: {integrity: sha512-a54FxoJDIr27pgf7IgeQGxmqUNYrcV338lf/6gH456HZ/PhX+5BcwHXG9ajESmwe6WRO0tAzRUrRmNONWgkrew==}
    dev: false

  /tslib/2.0.1:
    resolution: {integrity: sha512-SgIkNheinmEBgx1IUNirK0TUD4X9yjjBRTqqjggWCU3pUEqIk3/Uwl3yRixYKT6WjQuGiwDv4NomL3wqRCj+CQ==}
    dev: false
