dependencies:
  '@khai96x/choose-text-editor': 'link:../../packages/choose-text-editor'
  '@tsfun/option': 0.0.15
  '@tsfun/result': 0.0.16
  '@types/fs-extra': 8.1.0
  fs-extra: 8.1.0
lockfileVersion: 5.1
packages:
  /@tsfun/option/0.0.15:
    dependencies:
      '@tsfun/prv-option-result-common': 0.0.11
      '@tsfun/prv-types': 0.0.6
      '@tsfun/tap': 0.0.10
      '@types/node': 13.7.7
      tslib: 1.10.0
    dev: false
    engines:
      node: '>= 8.9.0'
    resolution:
      integrity: sha512-HU+iVZB0WVwe1zIJNQIt0PeUHaIM/a8wwF6k20qXYr0gv2EFX/bEw45kC9qlUg2BBS1qBH5lUuQz8fkPewRQFw==
  /@tsfun/prv-option-result-common/0.0.11:
    dependencies:
      '@types/node': 13.7.7
      tslib: 1.10.0
    dev: false
    engines:
      node: '>= 8.9.0'
    resolution:
      integrity: sha512-AIp2Oygr9WD12BG4p+fUEhyGtPnchRVALahzDab2eobkD2IhxRnHsKZh4J3v84faEIuXbnpdfALwGkzaOcgkPA==
  /@tsfun/prv-types/0.0.6:
    dependencies:
      '@types/node': 13.7.7
      tslib: 1.10.0
    dev: false
    resolution:
      integrity: sha512-s97gvRX2SjGTdU+Odsi6RgsVFi+xNOx3T6Jew2mo7m7Wj6eJmM0HB0HlFPmwIIi2MtXIpSr71TZmRVcMeU3Atw==
  /@tsfun/result/0.0.16:
    dependencies:
      '@tsfun/prv-option-result-common': 0.0.11
      '@tsfun/prv-types': 0.0.6
      '@tsfun/tap': 0.0.10
      '@types/node': 13.7.7
      tslib: 1.10.0
    dev: false
    engines:
      node: '>= 8.9.0'
    resolution:
      integrity: sha512-lUpVISAm0RUxRdyVUuAOLBe7ArdrQkepdLz4nML0a/2/WvrDsAIn2PIdRL3eZXqqdyhS2dy+ot5E5vc/RNWOEQ==
  /@tsfun/tap/0.0.10:
    dependencies:
      '@types/node': 13.7.7
      tslib: 1.10.0
    dev: false
    resolution:
      integrity: sha512-ArfW5g+1BxUXhqWOCOceiR3iviWn6PvDjOHzSBCCw3luYlVJ8JwYMcvj9ZXITBbP33uM8NKbxwzjRGGVckXLdg==
  /@types/fs-extra/8.1.0:
    dependencies:
      '@types/node': 13.7.7
    dev: false
    resolution:
      integrity: sha512-UoOfVEzAUpeSPmjm7h1uk5MH6KZma2z2O7a75onTGjnNvAvMVrPzPL/vBbT65iIGHWj6rokwfmYcmxmlSf2uwg==
  /@types/node/13.7.7:
    dev: false
    resolution:
      integrity: sha512-Uo4chgKbnPNlxQwoFmYIwctkQVkMMmsAoGGU4JKwLuvBefF0pCq4FybNSnfkfRCpC7ZW7kttcC/TrRtAJsvGtg==
  /fs-extra/8.1.0:
    dependencies:
      graceful-fs: 4.2.3
      jsonfile: 4.0.0
      universalify: 0.1.2
    dev: false
    engines:
      node: '>=6 <7 || >=8'
    resolution:
      integrity: sha512-yhlQgA6mnOJUKOsRUFsgJdQCvkKhcz8tlZG5HBQfReYZy46OwLcY+Zia0mtdHsOo9y/hP+CxMN0TU9QxoOtG4g==
  /graceful-fs/4.2.3:
    dev: false
    resolution:
      integrity: sha512-a30VEBm4PEdx1dRB7MFK7BejejvCvBronbLjht+sHuGYj8PHs7M/5Z+rt5lw551vZ7yfTCj4Vuyy3mSJytDWRQ==
  /jsonfile/4.0.0:
    dev: false
    optionalDependencies:
      graceful-fs: 4.2.3
    resolution:
      integrity: sha1-h3Gq4HmbZAdrdmQPygWPnBDjPss=
  /tslib/1.10.0:
    dev: false
    resolution:
      integrity: sha512-qOebF53frne81cf0S9B41ByenJ3/IuH8yJKngAX35CmiZySA0khhkovshKK+jGCaMnVomla7gVlIcc3EvKPbTQ==
  /universalify/0.1.2:
    dev: false
    engines:
      node: '>= 4.0.0'
    resolution:
      integrity: sha512-rBJeI5CXAlmy1pV+617WB9J63U6XcazHHF2f2dbJix4XzpUF0RS3Zbj0FGIOCAva5P/d/GBOYaACQ1w+0azUkg==
specifiers:
  '@khai96x/choose-text-editor': 'file:../../packages/choose-text-editor'
  '@tsfun/option': ^0.0.15
  '@tsfun/result': ^0.0.16
  '@types/fs-extra': ^8.1.0
  fs-extra: ^8.1.0
