dependencies:
  '@khai96x/bump-package-versions': 'link:../bump-package-versions'
  '@khai96x/choose-text-editor': 'link:../choose-text-editor'
  '@khai96x/git-utils': 'link:../git-utils'
  '@khai96x/interval-observable-universe': 'link:../interval-observable-universe'
  '@khai96x/list-shell-files': 'link:../list-shell-files'
  '@khai96x/my-observables': 'link:../my-observables'
  '@khai96x/pacman': 'link:../pacman'
  '@khai96x/shebang': 'link:../shebang'
  '@khai96x/srcinfo': 'link:../srcinfo'
  '@types/node': 14.6.0
  tslib: 2.0.1
lockfileVersion: 5.1
packages:
  /@types/node/14.6.0:
    dev: false
    resolution:
      integrity: sha512-mikldZQitV94akrc4sCcSjtJfsTKt4p+e/s0AGscVA6XArQ9kFclP+ZiYUMnq987rc6QlYxXv/EivqlfSLxpKA==
  /tslib/2.0.1:
    dev: false
    resolution:
      integrity: sha512-SgIkNheinmEBgx1IUNirK0TUD4X9yjjBRTqqjggWCU3pUEqIk3/Uwl3yRixYKT6WjQuGiwDv4NomL3wqRCj+CQ==
specifiers:
  '@khai96x/bump-package-versions': ^0.0.2
  '@khai96x/choose-text-editor': ^0.2.3
  '@khai96x/git-utils': ^0.0.0
  '@khai96x/interval-observable-universe': ^0.0.4
  '@khai96x/list-shell-files': ^0.0.0
  '@khai96x/my-observables': ^0.0.7
  '@khai96x/pacman': ^0.0.1
  '@khai96x/shebang': ^0.0.0
  '@khai96x/srcinfo': ^0.0.0
  '@types/node': ^14.6.0
  tslib: ^2.0.1
