dependencies:
  '@khai96x/bump-package-versions': 'link:../bump-package-versions'
  '@khai96x/choose-text-editor': 'link:../choose-text-editor'
  '@khai96x/interval-observable-universe': 'link:../interval-observable-universe'
  '@khai96x/my-observables': 'link:../my-observables'
  '@types/node': 13.1.7
  tslib: 1.10.0
lockfileVersion: 5.1
packages:
  /@types/node/13.1.7:
    dev: false
    resolution:
      integrity: sha512-HU0q9GXazqiKwviVxg9SI/+t/nAsGkvLDkIdxz+ObejG2nX6Si00TeLqHMoS+a/1tjH7a8YpKVQwtgHuMQsldg==
  /tslib/1.10.0:
    dev: false
    resolution:
      integrity: sha512-qOebF53frne81cf0S9B41ByenJ3/IuH8yJKngAX35CmiZySA0khhkovshKK+jGCaMnVomla7gVlIcc3EvKPbTQ==
specifiers:
  '@khai96x/bump-package-versions': ^0.0.1
  '@khai96x/choose-text-editor': ^0.2.1
  '@khai96x/interval-observable-universe': ^0.0.3
  '@khai96x/my-observables': ^0.0.3
  '@types/node': ^13.1.7
  tslib: ^1.10.0
