dependencies:
  '@khai96x/bump-package-versions': 'link:../bump-package-versions'
  '@khai96x/choose-text-editor': 'link:../choose-text-editor'
  '@khai96x/interval-observable-universe': 'link:../interval-observable-universe'
  '@khai96x/my-observables': 'link:../my-observables'
  '@types/node': 13.7.7
  tslib: 1.11.1
lockfileVersion: 5.1
packages:
  /@types/node/13.7.7:
    dev: false
    resolution:
      integrity: sha512-Uo4chgKbnPNlxQwoFmYIwctkQVkMMmsAoGGU4JKwLuvBefF0pCq4FybNSnfkfRCpC7ZW7kttcC/TrRtAJsvGtg==
  /tslib/1.11.1:
    dev: false
    resolution:
      integrity: sha512-aZW88SY8kQbU7gpV19lN24LtXh/yD4ZZg6qieAJDDg+YBsJcSmLGK9QpnUjAKVG/xefmvJGd1WUmfpT/g6AJGA==
specifiers:
  '@khai96x/bump-package-versions': ^0.0.2
  '@khai96x/choose-text-editor': ^0.2.3
  '@khai96x/interval-observable-universe': ^0.0.4
  '@khai96x/my-observables': ^0.0.4
  '@types/node': ^13.7.7
  tslib: ^1.11.1
