dependencies:
  '@khai96x/repo-manager': 'link:../../packages/repo-manager'
  '@tsfun/result': 0.0.3
lockfileVersion: 5.1
packages:
  /@tsfun/prv-option-result-common/0.0.1:
    dependencies:
      '@types/node': 11.13.19
      tslib: 1.10.0
    dev: false
    engines:
      node: '>= 8.9.0'
    resolution:
      integrity: sha512-FI4Zcc3I4lal4cMdBpWp0O86Ep4G/o8Q7cD47qLXaLa5kom+6pYRO4+XYBjSLKK+2h6rGWd1IvILmmMyAGRN3g==
  /@tsfun/result/0.0.3:
    dependencies:
      '@tsfun/prv-option-result-common': 0.0.1
      '@tsfun/tap': 0.0.0
      '@types/node': 12.7.2
      tslib: 1.10.0
    dev: false
    engines:
      node: '>= 8.9.0'
    resolution:
      integrity: sha512-L/+QX438aOALaFVtj3az61dhhtqMUjpallnmAlxWvF862uNToeTZdD9VMojM+8K7HOJvpUMswEp3uRTbKYtlAw==
  /@tsfun/tap/0.0.0:
    dependencies:
      '@types/node': 12.7.2
      tslib: 1.10.0
    dev: false
    resolution:
      integrity: sha512-6NPk8oXn4sXqxdy3bjXlcd+E9NQB+emivkT+O0zVc6PeakN9Vt2Bxczi5KoNVqQTLSuFUvDDLzSvbsYelJJpEQ==
  /@types/node/11.13.19:
    dev: false
    resolution:
      integrity: sha512-tLRDU1hmcWamtgRT2iVRdraAQVGFQGgtcqracSo9XyMN1VeZLSVGb8RJJxVqab7UGbijoUijGPVFMjmqzyZIUw==
  /@types/node/12.7.2:
    dev: false
    resolution:
      integrity: sha512-dyYO+f6ihZEtNPDcWNR1fkoTDf3zAK3lAABDze3mz6POyIercH0lEUawUFXlG8xaQZmm1yEBON/4TsYv/laDYg==
  /tslib/1.10.0:
    dev: false
    resolution:
      integrity: sha512-qOebF53frne81cf0S9B41ByenJ3/IuH8yJKngAX35CmiZySA0khhkovshKK+jGCaMnVomla7gVlIcc3EvKPbTQ==
specifiers:
  '@khai96x/repo-manager': 'file:../../packages/repo-manager'
  '@tsfun/result': ^0.0.3
