dependencies:
  '@khai96x/repo-manager': 'link:../../packages/repo-manager'
  '@tsfun/result': 0.0.7
lockfileVersion: 5.1
packages:
  /@tsfun/prv-option-result-common/0.0.4:
    dependencies:
      '@types/node': 12.7.5
      tslib: 1.10.0
    dev: false
    engines:
      node: '>= 8.9.0'
    resolution:
      integrity: sha512-UPmMMyK7SWu71/syglfWu1zM2kLn5PkqWaAN6QMxSDJISzAU4VC+d6fCFhNrDaGZst4yc+YfB0rfzbUNyAI/Vg==
  /@tsfun/prv-types/0.0.2:
    dependencies:
      '@types/node': 12.7.5
      tslib: 1.10.0
    dev: false
    resolution:
      integrity: sha512-Z/qMzMExe1UQaFUuU7pTfba4cBRXeFOP75LyDDs1z7bEz0JZN5/4A5TEMjn35M8uIfybW91HrLLYghCy7fCOfw==
  /@tsfun/result/0.0.7:
    dependencies:
      '@tsfun/prv-option-result-common': 0.0.4
      '@tsfun/prv-types': 0.0.2
      '@tsfun/tap': 0.0.3
      '@types/node': 12.7.5
      tslib: 1.10.0
    dev: false
    engines:
      node: '>= 8.9.0'
    resolution:
      integrity: sha512-lLMyqXmfpYMaPqDDbg1lTHXOfE/qWa5ucucBIHoVWny4S47Wfrm5hu8dKaMFleoS3dkNCn8ivcKYZFxRPU2q5A==
  /@tsfun/tap/0.0.3:
    dependencies:
      '@types/node': 12.7.5
      tslib: 1.10.0
    dev: false
    resolution:
      integrity: sha512-oRGoEyT0rm2ACZh2MU96PGC6dG7sSHMbZwdE6j/T4UQHSDcrON5twqalZ2+UXAlbXYnXM+ItWdlZ9JiTqCrDJQ==
  /@types/node/12.7.5:
    dev: false
    resolution:
      integrity: sha512-9fq4jZVhPNW8r+UYKnxF1e2HkDWOWKM5bC2/7c9wPV835I0aOrVbS/Hw/pWPk2uKrNXQqg9Z959Kz+IYDd5p3w==
  /tslib/1.10.0:
    dev: false
    resolution:
      integrity: sha512-qOebF53frne81cf0S9B41ByenJ3/IuH8yJKngAX35CmiZySA0khhkovshKK+jGCaMnVomla7gVlIcc3EvKPbTQ==
specifiers:
  '@khai96x/repo-manager': 'file:../../packages/repo-manager'
  '@tsfun/result': ^0.0.7
