dependencies:
  '@types/fs-extra': 9.0.1
  '@types/node': 14.6.2
  '@types/semver': 7.3.3
  '@types/yargs': 15.0.5
  fs-extra: 9.0.1
  just-json-type: 0.1.7
  semver: 7.3.2
  string-template-format-inspect: 0.1.8
  tslib: 2.0.1
  yargs: 16.0.0
lockfileVersion: 5.1
packages:
  /@types/fs-extra/9.0.1:
    dependencies:
      '@types/node': 14.6.0
    dev: false
    resolution:
      integrity: sha512-B42Sxuaz09MhC3DDeW5kubRcQ5by4iuVQ0cRRWM2lggLzAa/KVom0Aft/208NgMvNQQZ86s5rVcqDdn/SH0/mg==
  /@types/node/14.6.0:
    dev: false
    resolution:
      integrity: sha512-mikldZQitV94akrc4sCcSjtJfsTKt4p+e/s0AGscVA6XArQ9kFclP+ZiYUMnq987rc6QlYxXv/EivqlfSLxpKA==
  /@types/node/14.6.1:
    dev: false
    resolution:
      integrity: sha512-HnYlg/BRF8uC1FyKRFZwRaCPTPYKa+6I8QiUZFLredaGOou481cgFS4wKRFyKvQtX8xudqkSdBczJHIYSQYKrQ==
  /@types/node/14.6.2:
    dev: false
    resolution:
      integrity: sha512-onlIwbaeqvZyniGPfdw/TEhKIh79pz66L1q06WUQqJLnAb6wbjvOtepLYTGHTqzdXgBYIE3ZdmqHDGsRsbBz7A==
  /@types/semver/7.3.3:
    dev: false
    resolution:
      integrity: sha512-jQxClWFzv9IXdLdhSaTf16XI3NYe6zrEbckSpb5xhKfPbWgIyAY0AFyWWWfaiDcBuj3UHmMkCIwSRqpKMTZL2Q==
  /@types/yargs-parser/13.1.0:
    dev: false
    resolution:
      integrity: sha512-gCubfBUZ6KxzoibJ+SCUc/57Ms1jz5NjHe4+dI2krNmU5zCPAphyLJYyTOg06ueIyfj+SaCUqmzun7ImlxDcKg==
  /@types/yargs/15.0.5:
    dependencies:
      '@types/yargs-parser': 13.1.0
    dev: false
    resolution:
      integrity: sha512-Dk/IDOPtOgubt/IaevIUbTgV7doaKkoorvOyYM2CMwuDyP89bekI7H4xLIwunNYiK9jhCkmc6pUrJk3cj2AB9w==
  /ansi-regex/5.0.0:
    dev: false
    engines:
      node: '>=8'
    resolution:
      integrity: sha512-bY6fj56OUQ0hU1KjFNDQuJFezqKdrAyFdIevADiqrWHwSlbmBNMHp5ak2f40Pm8JTFyM2mqxkG6ngkHO11f/lg==
  /ansi-styles/4.1.0:
    dependencies:
      color-convert: 2.0.1
    dev: false
    engines:
      node: '>=8'
    resolution:
      integrity: sha512-Qts4KCLKG+waHc9C4m07weIY8qyeixoS0h6RnbsNVD6Fw+pEZGW3vTyObL3WXpE09Mq4Oi7/lBEyLmOiLtlYWQ==
  /at-least-node/1.0.0:
    dev: false
    engines:
      node: '>= 4.0.0'
    resolution:
      integrity: sha512-+q/t7Ekv1EDY2l6Gda6LLiX14rU9TV20Wa3ofeQmwPFZbOMo9DXrLbOjFaaclkXKWidIaopwAObQDqwWtGUjqg==
  /cliui/7.0.1:
    dependencies:
      string-width: 4.2.0
      strip-ansi: 6.0.0
      wrap-ansi: 7.0.0
    dev: false
    resolution:
      integrity: sha512-rcvHOWyGyid6I1WjT/3NatKj2kDt9OdSHSXpyLXaMWFbKpGACNW8pRhhdPUq9MWUOdwn8Rz9AVETjF4105rZZQ==
  /color-convert/2.0.1:
    dependencies:
      color-name: 1.1.4
    dev: false
    engines:
      node: '>=7.0.0'
    resolution:
      integrity: sha512-RRECPsj7iu/xb5oKYcsFHSppFNnsj/52OVTRKb4zP5onXwVF3zVmmToNcOfGC+CRDpfK/U584fMg38ZHCaElKQ==
  /color-name/1.1.4:
    dev: false
    resolution:
      integrity: sha512-dOy+3AuW3a2wNbZHIuMZpTcgjGuLU/uBL/ubcZF9OXbDo8ff4O8yVp5Bf0efS8uEoYo5q4Fx7dY9OgQGXgAsQA==
  /emoji-regex/8.0.0:
    dev: false
    resolution:
      integrity: sha512-MSjYzcWNOA0ewAHpz0MxpYFvwg6yjy1NG3xteoqz644VCo/RPgnr1/GGt+ic3iJTzQ8Eu3TdM14SawnVUmGE6A==
  /escalade/3.0.2:
    dev: false
    engines:
      node: '>=6'
    resolution:
      integrity: sha512-gPYAU37hYCUhW5euPeR+Y74F7BL+IBsV93j5cvGriSaD1aG6MGsqsV1yamRdrWrb2j3aiZvb0X+UBOWpx3JWtQ==
  /fs-extra/9.0.1:
    dependencies:
      at-least-node: 1.0.0
      graceful-fs: 4.2.2
      jsonfile: 6.0.1
      universalify: 1.0.0
    dev: false
    engines:
      node: '>=10'
    resolution:
      integrity: sha512-h2iAoN838FqAFJY2/qVpzFXy+EBxfVE220PalAqQLDVsFOHLJrZvut5puAbCdNv6WJk+B8ihI+k0c7JK5erwqQ==
  /get-caller-file/2.0.5:
    dev: false
    engines:
      node: 6.* || 8.* || >= 10.*
    resolution:
      integrity: sha512-DyFP3BM/3YHTQOCUL/w0OZHR0lpKeGrxotcHWcqNEdnltqFwXVfhEBQ94eIo34AfQpo0rGki4cyIiftY06h2Fg==
  /graceful-fs/4.2.2:
    dev: false
    resolution:
      integrity: sha512-IItsdsea19BoLC7ELy13q1iJFNmd7ofZH5+X/pJr90/nRoPEX0DJo1dHDbgtYWOhJhcCgMDTOw84RZ72q6lB+Q==
  /is-fullwidth-code-point/3.0.0:
    dev: false
    engines:
      node: '>=8'
    resolution:
      integrity: sha512-zymm5+u+sCsSWyD9qNaejV3DFvhCKclKdizYaJUuHA83RLjb7nSuGnddCHGv0hk+KY7BMAlsWeK4Ueg6EV6XQg==
  /jsonfile/6.0.1:
    dependencies:
      universalify: 1.0.0
    dev: false
    optionalDependencies:
      graceful-fs: 4.2.2
    resolution:
      integrity: sha512-jR2b5v7d2vIOust+w3wtFKZIfpC2pnRmFAhAC/BuweZFQR8qZzxH1OyrQ10HmdVYiXWkYUqPVsz91cG7EL2FBg==
  /just-json-type/0.1.7:
    dependencies:
      '@types/node': 14.6.1
      tslib: 2.0.1
    dev: false
    resolution:
      integrity: sha512-s5SXWxOCMYiDLGyLzyKuFPZAvxwENKA7pN+Tg90eBNtICpxH1/Kt/NcCmyKLkyuGHfyaHQzcG5pkBRRqyLZ1/w==
  /require-directory/2.1.1:
    dev: false
    engines:
      node: '>=0.10.0'
    resolution:
      integrity: sha1-jGStX9MNqxyXbiNE/+f3kqam30I=
  /semver/7.3.2:
    dev: false
    engines:
      node: '>=10'
    hasBin: true
    resolution:
      integrity: sha512-OrOb32TeeambH6UrhtShmF7CRDqhL6/5XpPNp2DuRH6+9QLw/orhp72j87v8Qa1ScDkvrrBNpZcDejAirJmfXQ==
  /string-template-format-base/0.1.7:
    dependencies:
      '@types/node': 14.6.1
      tslib: 2.0.1
    dev: false
    resolution:
      integrity: sha512-ySUoRCuRa6nhwJ6Xcu41VEpvwuDDVVPPqOnEf4P0UG4L860xbvC66YH0xno7dKW2JjN8jX0YstAcGk2q6Z6JzA==
  /string-template-format-inspect/0.1.8:
    dependencies:
      '@types/node': 14.6.1
      string-template-format-base: 0.1.7
      tslib: 2.0.1
    dev: false
    resolution:
      integrity: sha512-k3lQNBDZ8o6Q0o9WYXLUgKwDtmn1OpERFJZb4NPwG2MvgDD2iI6+9yDVK66WsyGI90ljF2wh/5KjO0E5tIE1Ig==
  /string-width/4.2.0:
    dependencies:
      emoji-regex: 8.0.0
      is-fullwidth-code-point: 3.0.0
      strip-ansi: 6.0.0
    dev: false
    engines:
      node: '>=8'
    resolution:
      integrity: sha512-zUz5JD+tgqtuDjMhwIg5uFVV3dtqZ9yQJlZVfq4I01/K5Paj5UHj7VyrQOJvzawSVlKpObApbfD0Ed6yJc+1eg==
  /strip-ansi/6.0.0:
    dependencies:
      ansi-regex: 5.0.0
    dev: false
    engines:
      node: '>=8'
    resolution:
      integrity: sha512-AuvKTrTfQNYNIctbR1K/YGTR1756GycPsg7b9bdV9Duqur4gv6aKqHXah67Z8ImS7WEz5QVcOtlfW2rZEugt6w==
  /tslib/2.0.1:
    dev: false
    resolution:
      integrity: sha512-SgIkNheinmEBgx1IUNirK0TUD4X9yjjBRTqqjggWCU3pUEqIk3/Uwl3yRixYKT6WjQuGiwDv4NomL3wqRCj+CQ==
  /universalify/1.0.0:
    dev: false
    engines:
      node: '>= 10.0.0'
    resolution:
      integrity: sha512-rb6X1W158d7pRQBg5gkR8uPaSfiids68LTJQYOtEUhoJUWBdaQHsuT/EUduxXYxcrt4r5PJ4fuHW1MHT6p0qug==
  /wrap-ansi/7.0.0:
    dependencies:
      ansi-styles: 4.1.0
      string-width: 4.2.0
      strip-ansi: 6.0.0
    dev: false
    engines:
      node: '>=10'
    resolution:
      integrity: sha512-YVGIj2kamLSTxw6NsZjoBxfSwsn0ycdesmc4p+Q21c5zPuZ1pl+NfxVdxPtdHvmNVOQ6XSYG4AUtyt/Fi7D16Q==
  /y18n/5.0.1:
    dev: false
    engines:
      node: '>=10'
    resolution:
      integrity: sha512-/jJ831jEs4vGDbYPQp4yGKDYPSCCEQ45uZWJHE1AoYBzqdZi8+LDWas0z4HrmJXmKdpFsTiowSHXdxyFhpmdMg==
  /yargs-parser/19.0.4:
    dev: false
    engines:
      node: '>=10'
    resolution:
      integrity: sha512-eXeQm7yXRjPFFyf1voPkZgXQZJjYfjgQUmGPbD2TLtZeIYzvacgWX7sQ5a1HsRgVP+pfKAkRZDNtTGev4h9vhw==
  /yargs/16.0.0:
    dependencies:
      cliui: 7.0.1
      escalade: 3.0.2
      get-caller-file: 2.0.5
      require-directory: 2.1.1
      string-width: 4.2.0
      y18n: 5.0.1
      yargs-parser: 19.0.4
    dev: false
    engines:
      node: '>=10'
    resolution:
      integrity: sha512-Ykb00VnWjee855QmeCrDAAmhVagt0T8PMML9WS2YrcU0VtvbeGq02MD7UiWmK6biiVPas6CaXmJNetL4Ye4+ng==
specifiers:
  '@types/fs-extra': ^9.0.1
  '@types/node': ^14.6.2
  '@types/semver': ^7.3.3
  '@types/yargs': ^15.0.5
  fs-extra: ^9.0.1
  just-json-type: ^0.1.7
  semver: ^7.3.2
  string-template-format-inspect: ^0.1.8
  tslib: ^2.0.1
  yargs: ^16.0.0
