dependencies:
  '@tsfun/result': 0.0.20
  '@types/node': 14.6.4
  '@types/yargs': 15.0.5
  tslib: 2.0.1
  yargs: 16.0.0
lockfileVersion: 5.1
packages:
  /@tsfun/prv-option-result-common/0.0.15:
    dependencies:
      '@types/node': 14.6.0
      tslib: 2.0.1
    dev: false
    engines:
      node: '>= 8.9.0'
    resolution:
      integrity: sha512-oqmmMHkoD1IXADxtOupJ9JFBcocuToxbSuqMIw3VszZIyvysJ3t9y+LlP+qxo92pOj/GJz4oohhzKBHkaaLqWA==
  /@tsfun/prv-types/0.0.10:
    dependencies:
      '@types/node': 14.6.0
      tslib: 2.0.1
    dev: false
    resolution:
      integrity: sha512-8QJUR81Zyf9gLhl7llp10bTZ+4WgXBM6LaiKZTmgjmviggFIQobm1hDzirZ9gUMxG1lGtTr4glszSkvuCcSjaA==
  /@tsfun/result/0.0.20:
    dependencies:
      '@tsfun/prv-option-result-common': 0.0.15
      '@tsfun/prv-types': 0.0.10
      '@tsfun/tap': 0.0.14
      '@types/node': 14.6.0
      tslib: 2.0.1
    dev: false
    engines:
      node: '>= 8.9.0'
    resolution:
      integrity: sha512-7IXm8ab6hRl7dNliHvFCoHdDXcDITSOPFKZl+7VxEKTXXmSrUe5QupvzzBro1G5Q104do/xiHZT1RBhwLzg1iw==
  /@tsfun/tap/0.0.14:
    dependencies:
      '@types/node': 14.6.0
      tslib: 2.0.1
    dev: false
    resolution:
      integrity: sha512-hXrhnrFidsbi4zeo6HaiHEMFLcjNTSc4osYps2Py7cgbgwW6nNxcZwRbDlQaMIdvpuQuHFd1+bxhDYQ0C9r6xA==
  /@types/color-name/1.1.1:
    dev: false
    resolution:
      integrity: sha512-rr+OQyAjxze7GgWrSaJwydHStIhHq2lvY3BOC2Mj7KnzI7XK0Uw1TOOdI9lDoajEbSWLiYgoo4f1R51erQfhPQ==
  /@types/node/14.6.0:
    dev: false
    resolution:
      integrity: sha512-mikldZQitV94akrc4sCcSjtJfsTKt4p+e/s0AGscVA6XArQ9kFclP+ZiYUMnq987rc6QlYxXv/EivqlfSLxpKA==
  /@types/node/14.6.4:
    dev: false
    resolution:
      integrity: sha512-Wk7nG1JSaMfMpoMJDKUsWYugliB2Vy55pdjLpmLixeyMi7HizW2I/9QoxsPCkXl3dO+ZOVqPumKaDUv5zJu2uQ==
  /@types/yargs-parser/15.0.0:
    dev: false
    resolution:
      integrity: sha512-FA/BWv8t8ZWJ+gEOnLLd8ygxH/2UFbAvgEonyfN6yWGLKc7zVjbpl2Y4CTjid9h2RfgPP6SEt6uHwEOply00yw==
  /@types/yargs/15.0.5:
    dependencies:
      '@types/yargs-parser': 15.0.0
    dev: false
    resolution:
      integrity: sha512-Dk/IDOPtOgubt/IaevIUbTgV7doaKkoorvOyYM2CMwuDyP89bekI7H4xLIwunNYiK9jhCkmc6pUrJk3cj2AB9w==
  /ansi-regex/5.0.0:
    dev: false
    engines:
      node: '>=8'
    resolution:
      integrity: sha512-bY6fj56OUQ0hU1KjFNDQuJFezqKdrAyFdIevADiqrWHwSlbmBNMHp5ak2f40Pm8JTFyM2mqxkG6ngkHO11f/lg==
  /ansi-styles/4.2.1:
    dependencies:
      '@types/color-name': 1.1.1
      color-convert: 2.0.1
    dev: false
    engines:
      node: '>=8'
    resolution:
      integrity: sha512-9VGjrMsG1vePxcSweQsN20KY/c4zN0h9fLjqAbwbPfahM3t+NL+M9HC8xeXG2I8pX5NoamTGNuomEUFI7fcUjA==
  /cliui/7.0.1:
    dependencies:
      string-width: 4.2.0
      strip-ansi: 6.0.0
      wrap-ansi: 7.0.0
    dev: false
    resolution:
      integrity: sha512-rcvHOWyGyid6I1WjT/3NatKj2kDt9OdSHSXpyLXaMWFbKpGACNW8pRhhdPUq9MWUOdwn8Rz9AVETjF4105rZZQ==
  /color-convert/2.0.1:
    dependencies:
      color-name: 1.1.4
    dev: false
    engines:
      node: '>=7.0.0'
    resolution:
      integrity: sha512-RRECPsj7iu/xb5oKYcsFHSppFNnsj/52OVTRKb4zP5onXwVF3zVmmToNcOfGC+CRDpfK/U584fMg38ZHCaElKQ==
  /color-name/1.1.4:
    dev: false
    resolution:
      integrity: sha512-dOy+3AuW3a2wNbZHIuMZpTcgjGuLU/uBL/ubcZF9OXbDo8ff4O8yVp5Bf0efS8uEoYo5q4Fx7dY9OgQGXgAsQA==
  /emoji-regex/8.0.0:
    dev: false
    resolution:
      integrity: sha512-MSjYzcWNOA0ewAHpz0MxpYFvwg6yjy1NG3xteoqz644VCo/RPgnr1/GGt+ic3iJTzQ8Eu3TdM14SawnVUmGE6A==
  /escalade/3.0.2:
    dev: false
    engines:
      node: '>=6'
    resolution:
      integrity: sha512-gPYAU37hYCUhW5euPeR+Y74F7BL+IBsV93j5cvGriSaD1aG6MGsqsV1yamRdrWrb2j3aiZvb0X+UBOWpx3JWtQ==
  /get-caller-file/2.0.5:
    dev: false
    engines:
      node: 6.* || 8.* || >= 10.*
    resolution:
      integrity: sha512-DyFP3BM/3YHTQOCUL/w0OZHR0lpKeGrxotcHWcqNEdnltqFwXVfhEBQ94eIo34AfQpo0rGki4cyIiftY06h2Fg==
  /is-fullwidth-code-point/3.0.0:
    dev: false
    engines:
      node: '>=8'
    resolution:
      integrity: sha512-zymm5+u+sCsSWyD9qNaejV3DFvhCKclKdizYaJUuHA83RLjb7nSuGnddCHGv0hk+KY7BMAlsWeK4Ueg6EV6XQg==
  /require-directory/2.1.1:
    dev: false
    engines:
      node: '>=0.10.0'
    resolution:
      integrity: sha1-jGStX9MNqxyXbiNE/+f3kqam30I=
  /string-width/4.2.0:
    dependencies:
      emoji-regex: 8.0.0
      is-fullwidth-code-point: 3.0.0
      strip-ansi: 6.0.0
    dev: false
    engines:
      node: '>=8'
    resolution:
      integrity: sha512-zUz5JD+tgqtuDjMhwIg5uFVV3dtqZ9yQJlZVfq4I01/K5Paj5UHj7VyrQOJvzawSVlKpObApbfD0Ed6yJc+1eg==
  /strip-ansi/6.0.0:
    dependencies:
      ansi-regex: 5.0.0
    dev: false
    engines:
      node: '>=8'
    resolution:
      integrity: sha512-AuvKTrTfQNYNIctbR1K/YGTR1756GycPsg7b9bdV9Duqur4gv6aKqHXah67Z8ImS7WEz5QVcOtlfW2rZEugt6w==
  /tslib/2.0.1:
    dev: false
    resolution:
      integrity: sha512-SgIkNheinmEBgx1IUNirK0TUD4X9yjjBRTqqjggWCU3pUEqIk3/Uwl3yRixYKT6WjQuGiwDv4NomL3wqRCj+CQ==
  /wrap-ansi/7.0.0:
    dependencies:
      ansi-styles: 4.2.1
      string-width: 4.2.0
      strip-ansi: 6.0.0
    dev: false
    engines:
      node: '>=10'
    resolution:
      integrity: sha512-YVGIj2kamLSTxw6NsZjoBxfSwsn0ycdesmc4p+Q21c5zPuZ1pl+NfxVdxPtdHvmNVOQ6XSYG4AUtyt/Fi7D16Q==
  /y18n/5.0.1:
    dev: false
    engines:
      node: '>=10'
    resolution:
      integrity: sha512-/jJ831jEs4vGDbYPQp4yGKDYPSCCEQ45uZWJHE1AoYBzqdZi8+LDWas0z4HrmJXmKdpFsTiowSHXdxyFhpmdMg==
  /yargs-parser/19.0.4:
    dev: false
    engines:
      node: '>=10'
    resolution:
      integrity: sha512-eXeQm7yXRjPFFyf1voPkZgXQZJjYfjgQUmGPbD2TLtZeIYzvacgWX7sQ5a1HsRgVP+pfKAkRZDNtTGev4h9vhw==
  /yargs/16.0.0:
    dependencies:
      cliui: 7.0.1
      escalade: 3.0.2
      get-caller-file: 2.0.5
      require-directory: 2.1.1
      string-width: 4.2.0
      y18n: 5.0.1
      yargs-parser: 19.0.4
    dev: false
    engines:
      node: '>=10'
    resolution:
      integrity: sha512-Ykb00VnWjee855QmeCrDAAmhVagt0T8PMML9WS2YrcU0VtvbeGq02MD7UiWmK6biiVPas6CaXmJNetL4Ye4+ng==
specifiers:
  '@tsfun/result': ^0.0.20
  '@types/node': ^14.6.4
  '@types/yargs': ^15.0.5
  tslib: ^2.0.1
  yargs: ^16.0.0
